
Microsoft Visual Studio Solution File, Format Version 12.00
Project("{FAE04EC0-301F-11D3-BF4B-00C04F79EFBC}") = "TripPlanner.Application", "src\TripPlanner.Application\TripPlanner.Application.csproj", "{F854965A-891C-41C2-881D-3ECCA00FC9E6}"
EndProject
Project("{FAE04EC0-301F-11D3-BF4B-00C04F79EFBC}") = "TripPlanner.Domain", "src\TripPlanner.Domain\TripPlanner.Domain.csproj", "{C7E6503D-8FA8-46F2-9C06-11EB2C3EFDB0}"
EndProject
Project("{FAE04EC0-301F-11D3-BF4B-00C04F79EFBC}") = "TripPlanner.Infrastructure", "src\TripPlanner.Infrastructure\TripPlanner.Infrastructure.csproj", "{832D3675-EB53-419A-95EC-2D0057BF5300}"
EndProject
Project("{FAE04EC0-301F-11D3-BF4B-00C04F79EFBC}") = "TripPlanner.UnitTests", "tests\TripPlanner.UnitTests\TripPlanner.UnitTests.csproj", "{B643A1D7-E410-4D18-9D03-B669843AD249}"
EndProject
Project("{FAE04EC0-301F-11D3-BF4B-00C04F79EFBC}") = "TripPlanner.Api", "src\TripPlanner.Api\TripPlanner.Api.csproj", "{8769A93C-A104-4A76-A32D-4125560CFA8F}"
EndProject
Global
	GlobalSection(SolutionConfigurationPlatforms) = preSolution
		Debug|Any CPU = Debug|Any CPU
		Release|Any CPU = Release|Any CPU
	EndGlobalSection
	GlobalSection(ProjectConfigurationPlatforms) = postSolution
		{F854965A-891C-41C2-881D-3ECCA00FC9E6}.Debug|Any CPU.ActiveCfg = Debug|Any CPU
		{F854965A-891C-41C2-881D-3ECCA00FC9E6}.Debug|Any CPU.Build.0 = Debug|Any CPU
		{F854965A-891C-41C2-881D-3ECCA00FC9E6}.Release|Any CPU.ActiveCfg = Release|Any CPU
		{F854965A-891C-41C2-881D-3ECCA00FC9E6}.Release|Any CPU.Build.0 = Release|Any CPU
		{C7E6503D-8FA8-46F2-9C06-11EB2C3EFDB0}.Debug|Any CPU.ActiveCfg = Debug|Any CPU
		{C7E6503D-8FA8-46F2-9C06-11EB2C3EFDB0}.Debug|Any CPU.Build.0 = Debug|Any CPU
		{C7E6503D-8FA8-46F2-9C06-11EB2C3EFDB0}.Release|Any CPU.ActiveCfg = Release|Any CPU
		{C7E6503D-8FA8-46F2-9C06-11EB2C3EFDB0}.Release|Any CPU.Build.0 = Release|Any CPU
		{832D3675-EB53-419A-95EC-2D0057BF5300}.Debug|Any CPU.ActiveCfg = Debug|Any CPU
		{832D3675-EB53-419A-95EC-2D0057BF5300}.Debug|Any CPU.Build.0 = Debug|Any CPU
		{832D3675-EB53-419A-95EC-2D0057BF5300}.Release|Any CPU.ActiveCfg = Release|Any CPU
		{832D3675-EB53-419A-95EC-2D0057BF5300}.Release|Any CPU.Build.0 = Release|Any CPU
		{B643A1D7-E410-4D18-9D03-B669843AD249}.Debug|Any CPU.ActiveCfg = Debug|Any CPU
		{B643A1D7-E410-4D18-9D03-B669843AD249}.Debug|Any CPU.Build.0 = Debug|Any CPU
		{B643A1D7-E410-4D18-9D03-B669843AD249}.Release|Any CPU.ActiveCfg = Release|Any CPU
		{B643A1D7-E410-4D18-9D03-B669843AD249}.Release|Any CPU.Build.0 = Release|Any CPU
		{8769A93C-A104-4A76-A32D-4125560CFA8F}.Debug|Any CPU.ActiveCfg = Debug|Any CPU
		{8769A93C-A104-4A76-A32D-4125560CFA8F}.Debug|Any CPU.Build.0 = Debug|Any CPU
		{8769A93C-A104-4A76-A32D-4125560CFA8F}.Release|Any CPU.ActiveCfg = Release|Any CPU
		{8769A93C-A104-4A76-A32D-4125560CFA8F}.Release|Any CPU.Build.0 = Release|Any CPU
	EndGlobalSection
EndGlobal
